
Microsoft Visual Studio Solution File, Format Version 12.00
# Visual Studio 14
VisualStudioVersion = 14.0.25420.1
MinimumVisualStudioVersion = 10.0.40219.1
Project("{D954291E-2A0B-460D-934E-DC6B0785DB48}") = "TestDrive", "TestDrive\TestDrive\TestDrive.shproj", "{5289481C-25EB-4ECB-B769-964859AB1126}"
EndProject
Project("{FAE04EC0-301F-11D3-BF4B-00C04F79EFBC}") = "TestDrive.Android", "TestDrive\TestDrive.Android\TestDrive.Android.csproj", "{CBEA1EA4-E022-4514-9299-5E39F7B63A49}"
EndProject
Global
	GlobalSection(SharedMSBuildProjectFiles) = preSolution
		TestDrive\TestDrive\TestDrive.projitems*{5289481c-25eb-4ecb-b769-964859ab1126}*SharedItemsImports = 13
		TestDrive\TestDrive\TestDrive.projitems*{cbea1ea4-e022-4514-9299-5e39f7b63a49}*SharedItemsImports = 4
	EndGlobalSection
	GlobalSection(SolutionConfigurationPlatforms) = preSolution
		Ad-Hoc|Any CPU = Ad-Hoc|Any CPU
		Ad-Hoc|iPhone = Ad-Hoc|iPhone
		Ad-Hoc|iPhoneSimulator = Ad-Hoc|iPhoneSimulator
		AppStore|Any CPU = AppStore|Any CPU
		AppStore|iPhone = AppStore|iPhone
		AppStore|iPhoneSimulator = AppStore|iPhoneSimulator
		Debug|Any CPU = Debug|Any CPU
		Debug|iPhone = Debug|iPhone
		Debug|iPhoneSimulator = Debug|iPhoneSimulator
		Release|Any CPU = Release|Any CPU
		Release|iPhone = Release|iPhone
		Release|iPhoneSimulator = Release|iPhoneSimulator
	EndGlobalSection
	GlobalSection(ProjectConfigurationPlatforms) = postSolution
		{CBEA1EA4-E022-4514-9299-5E39F7B63A49}.Ad-Hoc|Any CPU.ActiveCfg = Release|Any CPU
		{CBEA1EA4-E022-4514-9299-5E39F7B63A49}.Ad-Hoc|Any CPU.Build.0 = Release|Any CPU
		{CBEA1EA4-E022-4514-9299-5E39F7B63A49}.Ad-Hoc|Any CPU.Deploy.0 = Release|Any CPU
		{CBEA1EA4-E022-4514-9299-5E39F7B63A49}.Ad-Hoc|iPhone.ActiveCfg = Release|Any CPU
		{CBEA1EA4-E022-4514-9299-5E39F7B63A49}.Ad-Hoc|iPhone.Build.0 = Release|Any CPU
		{CBEA1EA4-E022-4514-9299-5E39F7B63A49}.Ad-Hoc|iPhone.Deploy.0 = Release|Any CPU
		{CBEA1EA4-E022-4514-9299-5E39F7B63A49}.Ad-Hoc|iPhoneSimulator.ActiveCfg = Release|Any CPU
		{CBEA1EA4-E022-4514-9299-5E39F7B63A49}.Ad-Hoc|iPhoneSimulator.Build.0 = Release|Any CPU
		{CBEA1EA4-E022-4514-9299-5E39F7B63A49}.Ad-Hoc|iPhoneSimulator.Deploy.0 = Release|Any CPU
		{CBEA1EA4-E022-4514-9299-5E39F7B63A49}.AppStore|Any CPU.ActiveCfg = Release|Any CPU
		{CBEA1EA4-E022-4514-9299-5E39F7B63A49}.AppStore|Any CPU.Build.0 = Release|Any CPU
		{CBEA1EA4-E022-4514-9299-5E39F7B63A49}.AppStore|Any CPU.Deploy.0 = Release|Any CPU
		{CBEA1EA4-E022-4514-9299-5E39F7B63A49}.AppStore|iPhone.ActiveCfg = Release|Any CPU
		{CBEA1EA4-E022-4514-9299-5E39F7B63A49}.AppStore|iPhone.Build.0 = Release|Any CPU
		{CBEA1EA4-E022-4514-9299-5E39F7B63A49}.AppStore|iPhone.Deploy.0 = Release|Any CPU
		{CBEA1EA4-E022-4514-9299-5E39F7B63A49}.AppStore|iPhoneSimulator.ActiveCfg = Release|Any CPU
		{CBEA1EA4-E022-4514-9299-5E39F7B63A49}.AppStore|iPhoneSimulator.Build.0 = Release|Any CPU
		{CBEA1EA4-E022-4514-9299-5E39F7B63A49}.AppStore|iPhoneSimulator.Deploy.0 = Release|Any CPU
		{CBEA1EA4-E022-4514-9299-5E39F7B63A49}.Debug|Any CPU.ActiveCfg = Debug|Any CPU
		{CBEA1EA4-E022-4514-9299-5E39F7B63A49}.Debug|Any CPU.Build.0 = Debug|Any CPU
		{CBEA1EA4-E022-4514-9299-5E39F7B63A49}.Debug|Any CPU.Deploy.0 = Debug|Any CPU
		{CBEA1EA4-E022-4514-9299-5E39F7B63A49}.Debug|iPhone.ActiveCfg = Debug|Any CPU
		{CBEA1EA4-E022-4514-9299-5E39F7B63A49}.Debug|iPhone.Build.0 = Debug|Any CPU
		{CBEA1EA4-E022-4514-9299-5E39F7B63A49}.Debug|iPhone.Deploy.0 = Debug|Any CPU
		{CBEA1EA4-E022-4514-9299-5E39F7B63A49}.Debug|iPhoneSimulator.ActiveCfg = Debug|Any CPU
		{CBEA1EA4-E022-4514-9299-5E39F7B63A49}.Debug|iPhoneSimulator.Build.0 = Debug|Any CPU
		{CBEA1EA4-E022-4514-9299-5E39F7B63A49}.Debug|iPhoneSimulator.Deploy.0 = Debug|Any CPU
		{CBEA1EA4-E022-4514-9299-5E39F7B63A49}.Release|Any CPU.ActiveCfg = Release|Any CPU
		{CBEA1EA4-E022-4514-9299-5E39F7B63A49}.Release|Any CPU.Build.0 = Release|Any CPU
		{CBEA1EA4-E022-4514-9299-5E39F7B63A49}.Release|Any CPU.Deploy.0 = Release|Any CPU
		{CBEA1EA4-E022-4514-9299-5E39F7B63A49}.Release|iPhone.ActiveCfg = Release|Any CPU
		{CBEA1EA4-E022-4514-9299-5E39F7B63A49}.Release|iPhone.Build.0 = Release|Any CPU
		{CBEA1EA4-E022-4514-9299-5E39F7B63A49}.Release|iPhone.Deploy.0 = Release|Any CPU
		{CBEA1EA4-E022-4514-9299-5E39F7B63A49}.Release|iPhoneSimulator.ActiveCfg = Release|Any CPU
		{CBEA1EA4-E022-4514-9299-5E39F7B63A49}.Release|iPhoneSimulator.Build.0 = Release|Any CPU
		{CBEA1EA4-E022-4514-9299-5E39F7B63A49}.Release|iPhoneSimulator.Deploy.0 = Release|Any CPU
	EndGlobalSection
	GlobalSection(SolutionProperties) = preSolution
		HideSolutionNode = FALSE
	EndGlobalSection
EndGlobal
